
Microsoft Visual Studio Solution File, Format Version 12.00
# Visual Studio 15
VisualStudioVersion = 15.0.28010.2003
MinimumVisualStudioVersion = 10.0.40219.1
Project("{F184B08F-C81C-45F6-A57F-5ABD9991F28F}") = "Operaciones Matemáticas", "Operaciones Matemáticas\Operaciones Matemáticas.vbproj", "{73C3586E-BA15-41DF-8A28-1A21773EDF2E}"
EndProject
Global
	GlobalSection(SolutionConfigurationPlatforms) = preSolution
		Debug|Any CPU = Debug|Any CPU
		Release|Any CPU = Release|Any CPU
	EndGlobalSection
	GlobalSection(ProjectConfigurationPlatforms) = postSolution
		{73C3586E-BA15-41DF-8A28-1A21773EDF2E}.Debug|Any CPU.ActiveCfg = Debug|Any CPU
		{73C3586E-BA15-41DF-8A28-1A21773EDF2E}.Debug|Any CPU.Build.0 = Debug|Any CPU
		{73C3586E-BA15-41DF-8A28-1A21773EDF2E}.Release|Any CPU.ActiveCfg = Release|Any CPU
		{73C3586E-BA15-41DF-8A28-1A21773EDF2E}.Release|Any CPU.Build.0 = Release|Any CPU
	EndGlobalSection
	GlobalSection(SolutionProperties) = preSolution
		HideSolutionNode = FALSE
	EndGlobalSection
	GlobalSection(ExtensibilityGlobals) = postSolution
		SolutionGuid = {623A1D91-812F-48DA-B868-CB9662232F32}
	EndGlobalSection
EndGlobal
