
Microsoft Visual Studio Solution File, Format Version 12.00
# Visual Studio 15
VisualStudioVersion = 15.0.28010.2003
MinimumVisualStudioVersion = 10.0.40219.1
Project("{F184B08F-C81C-45F6-A57F-5ABD9991F28F}") = "Ejercicio4", "Ejercicio4\Ejercicio4.vbproj", "{79F885FC-AE27-496A-B221-4759160BB52A}"
EndProject
Global
	GlobalSection(SolutionConfigurationPlatforms) = preSolution
		Debug|Any CPU = Debug|Any CPU
		Release|Any CPU = Release|Any CPU
	EndGlobalSection
	GlobalSection(ProjectConfigurationPlatforms) = postSolution
		{79F885FC-AE27-496A-B221-4759160BB52A}.Debug|Any CPU.ActiveCfg = Debug|Any CPU
		{79F885FC-AE27-496A-B221-4759160BB52A}.Debug|Any CPU.Build.0 = Debug|Any CPU
		{79F885FC-AE27-496A-B221-4759160BB52A}.Release|Any CPU.ActiveCfg = Release|Any CPU
		{79F885FC-AE27-496A-B221-4759160BB52A}.Release|Any CPU.Build.0 = Release|Any CPU
	EndGlobalSection
	GlobalSection(SolutionProperties) = preSolution
		HideSolutionNode = FALSE
	EndGlobalSection
	GlobalSection(ExtensibilityGlobals) = postSolution
		SolutionGuid = {8F535EA0-84AF-4B85-B2B2-0D7C703B0F4C}
	EndGlobalSection
EndGlobal
